
Microsoft Visual Studio Solution File, Format Version 12.00
# Visual Studio Version 16
VisualStudioVersion = 16.0.32106.194
MinimumVisualStudioVersion = 10.0.40219.1
Project("{2150E333-8FDC-42A3-9474-1A3956D46DE8}") = "Proto", "Proto", "{B024F576-8B35-4F4C-95F7-58589BCF5C63}"
	ProjectSection(SolutionItems) = preProject
		persona.proto = persona.proto
		serviceCode.proto = serviceCode.proto
	EndProjectSection
EndProject
Project("{FAE04EC0-301F-11D3-BF4B-00C04F79EFBC}") = "Client", "Client\Client.csproj", "{833ABD91-482D-495B-A7E6-E0B1BE079ED6}"
EndProject
Project("{9A19103F-16F7-4668-BE54-9A1E7A4F7556}") = "Server", "Server\Server.csproj", "{E66500E8-8DD5-4D8D-8F47-84CE9BEAE210}"
EndProject
Global
	GlobalSection(SolutionConfigurationPlatforms) = preSolution
		Debug|Any CPU = Debug|Any CPU
		Release|Any CPU = Release|Any CPU
	EndGlobalSection
	GlobalSection(ProjectConfigurationPlatforms) = postSolution
		{833ABD91-482D-495B-A7E6-E0B1BE079ED6}.Debug|Any CPU.ActiveCfg = Debug|Any CPU
		{833ABD91-482D-495B-A7E6-E0B1BE079ED6}.Debug|Any CPU.Build.0 = Debug|Any CPU
		{833ABD91-482D-495B-A7E6-E0B1BE079ED6}.Release|Any CPU.ActiveCfg = Release|Any CPU
		{833ABD91-482D-495B-A7E6-E0B1BE079ED6}.Release|Any CPU.Build.0 = Release|Any CPU
		{E66500E8-8DD5-4D8D-8F47-84CE9BEAE210}.Debug|Any CPU.ActiveCfg = Debug|Any CPU
		{E66500E8-8DD5-4D8D-8F47-84CE9BEAE210}.Debug|Any CPU.Build.0 = Debug|Any CPU
		{E66500E8-8DD5-4D8D-8F47-84CE9BEAE210}.Release|Any CPU.ActiveCfg = Release|Any CPU
		{E66500E8-8DD5-4D8D-8F47-84CE9BEAE210}.Release|Any CPU.Build.0 = Release|Any CPU
	EndGlobalSection
	GlobalSection(SolutionProperties) = preSolution
		HideSolutionNode = FALSE
	EndGlobalSection
	GlobalSection(ExtensibilityGlobals) = postSolution
		SolutionGuid = {4137EEA6-17A0-4CFD-A06D-D6FAA2081C13}
	EndGlobalSection
EndGlobal
